
Microsoft Visual Studio Solution File, Format Version 12.00
# Visual Studio 15
VisualStudioVersion = 15.0.27428.2011
MinimumVisualStudioVersion = 10.0.40219.1
Project("{FAE04EC0-301F-11D3-BF4B-00C04F79EFBC}") = "ExtensionMethods", "ExtensionMethods\ExtensionMethods.csproj", "{AF8E8B57-1681-453E-B985-1D631723EBEF}"
EndProject
Global
	GlobalSection(SolutionConfigurationPlatforms) = preSolution
		Debug|Any CPU = Debug|Any CPU
		Release|Any CPU = Release|Any CPU
	EndGlobalSection
	GlobalSection(ProjectConfigurationPlatforms) = postSolution
		{AF8E8B57-1681-453E-B985-1D631723EBEF}.Debug|Any CPU.ActiveCfg = Debug|Any CPU
		{AF8E8B57-1681-453E-B985-1D631723EBEF}.Debug|Any CPU.Build.0 = Debug|Any CPU
		{AF8E8B57-1681-453E-B985-1D631723EBEF}.Release|Any CPU.ActiveCfg = Release|Any CPU
		{AF8E8B57-1681-453E-B985-1D631723EBEF}.Release|Any CPU.Build.0 = Release|Any CPU
	EndGlobalSection
	GlobalSection(SolutionProperties) = preSolution
		HideSolutionNode = FALSE
	EndGlobalSection
	GlobalSection(ExtensibilityGlobals) = postSolution
		SolutionGuid = {3C1495AF-7932-476F-8EE2-2F39D36AC1A1}
	EndGlobalSection
EndGlobal
